
Microsoft Visual Studio Solution File, Format Version 12.00
# Visual Studio Version 17
VisualStudioVersion = 17.0.31903.59
MinimumVisualStudioVersion = 10.0.40219.1
Project("{FAE04EC0-301F-11D3-BF4B-00C04F79EFBC}") = "ExampleConverters", "Converters\ExampleConverters\src\ExampleConverters.csproj", "{9A19103F-16F7-4668-BE54-9A1E7A4F7556}"
EndProject
Project("{FAE04EC0-301F-11D3-BF4B-00C04F79EFBC}") = "ExampleConverters.Tests", "Converters\ExampleConverters\tests\ExampleConverters.Tests.csproj", "{7C27BA7E-2E8E-4F59-8A4D-E8F0D6E5C842}"
EndProject
Project("{2150E333-8FDC-42A3-9474-1A3956D46DE8}") = "Tools", "Tools", "{07C2787E-EAC7-C090-1BA3-A61EC2A24D84}"
EndProject
Project("{FAE04EC0-301F-11D3-BF4B-00C04F79EFBC}") = "GetOperationTypes", "Tools\GetOperationTypes\GetOperationTypes.csproj", "{EE16FC1C-2FD6-4D5B-8609-41182040FD80}"
EndProject
Global
	GlobalSection(SolutionConfigurationPlatforms) = preSolution
		Debug|Any CPU = Debug|Any CPU
		Debug|x64 = Debug|x64
		Debug|x86 = Debug|x86
		Release|Any CPU = Release|Any CPU
		Release|x64 = Release|x64
		Release|x86 = Release|x86
	EndGlobalSection
	GlobalSection(ProjectConfigurationPlatforms) = postSolution
		{9A19103F-16F7-4668-BE54-9A1E7A4F7556}.Debug|Any CPU.ActiveCfg = Debug|Any CPU
		{9A19103F-16F7-4668-BE54-9A1E7A4F7556}.Debug|Any CPU.Build.0 = Debug|Any CPU
		{9A19103F-16F7-4668-BE54-9A1E7A4F7556}.Debug|x64.ActiveCfg = Debug|Any CPU
		{9A19103F-16F7-4668-BE54-9A1E7A4F7556}.Debug|x64.Build.0 = Debug|Any CPU
		{9A19103F-16F7-4668-BE54-9A1E7A4F7556}.Debug|x86.ActiveCfg = Debug|Any CPU
		{9A19103F-16F7-4668-BE54-9A1E7A4F7556}.Debug|x86.Build.0 = Debug|Any CPU
		{9A19103F-16F7-4668-BE54-9A1E7A4F7556}.Release|Any CPU.ActiveCfg = Release|Any CPU
		{9A19103F-16F7-4668-BE54-9A1E7A4F7556}.Release|Any CPU.Build.0 = Release|Any CPU
		{9A19103F-16F7-4668-BE54-9A1E7A4F7556}.Release|x64.ActiveCfg = Release|Any CPU
		{9A19103F-16F7-4668-BE54-9A1E7A4F7556}.Release|x64.Build.0 = Release|Any CPU
		{9A19103F-16F7-4668-BE54-9A1E7A4F7556}.Release|x86.ActiveCfg = Release|Any CPU
		{9A19103F-16F7-4668-BE54-9A1E7A4F7556}.Release|x86.Build.0 = Release|Any CPU
		{7C27BA7E-2E8E-4F59-8A4D-E8F0D6E5C842}.Debug|Any CPU.ActiveCfg = Debug|Any CPU
		{7C27BA7E-2E8E-4F59-8A4D-E8F0D6E5C842}.Debug|Any CPU.Build.0 = Debug|Any CPU
		{7C27BA7E-2E8E-4F59-8A4D-E8F0D6E5C842}.Debug|x64.ActiveCfg = Debug|Any CPU
		{7C27BA7E-2E8E-4F59-8A4D-E8F0D6E5C842}.Debug|x64.Build.0 = Debug|Any CPU
		{7C27BA7E-2E8E-4F59-8A4D-E8F0D6E5C842}.Debug|x86.ActiveCfg = Debug|Any CPU
		{7C27BA7E-2E8E-4F59-8A4D-E8F0D6E5C842}.Debug|x86.Build.0 = Debug|Any CPU
		{7C27BA7E-2E8E-4F59-8A4D-E8F0D6E5C842}.Release|Any CPU.ActiveCfg = Release|Any CPU
		{7C27BA7E-2E8E-4F59-8A4D-E8F0D6E5C842}.Release|Any CPU.Build.0 = Release|Any CPU
		{7C27BA7E-2E8E-4F59-8A4D-E8F0D6E5C842}.Release|x64.ActiveCfg = Release|Any CPU
		{7C27BA7E-2E8E-4F59-8A4D-E8F0D6E5C842}.Release|x64.Build.0 = Release|Any CPU
		{7C27BA7E-2E8E-4F59-8A4D-E8F0D6E5C842}.Release|x86.ActiveCfg = Release|Any CPU
		{7C27BA7E-2E8E-4F59-8A4D-E8F0D6E5C842}.Release|x86.Build.0 = Release|Any CPU
		{EE16FC1C-2FD6-4D5B-8609-41182040FD80}.Debug|Any CPU.ActiveCfg = Debug|Any CPU
		{EE16FC1C-2FD6-4D5B-8609-41182040FD80}.Debug|Any CPU.Build.0 = Debug|Any CPU
		{EE16FC1C-2FD6-4D5B-8609-41182040FD80}.Debug|x64.ActiveCfg = Debug|Any CPU
		{EE16FC1C-2FD6-4D5B-8609-41182040FD80}.Debug|x64.Build.0 = Debug|Any CPU
		{EE16FC1C-2FD6-4D5B-8609-41182040FD80}.Debug|x86.ActiveCfg = Debug|Any CPU
		{EE16FC1C-2FD6-4D5B-8609-41182040FD80}.Debug|x86.Build.0 = Debug|Any CPU
		{EE16FC1C-2FD6-4D5B-8609-41182040FD80}.Release|Any CPU.ActiveCfg = Release|Any CPU
		{EE16FC1C-2FD6-4D5B-8609-41182040FD80}.Release|Any CPU.Build.0 = Release|Any CPU
		{EE16FC1C-2FD6-4D5B-8609-41182040FD80}.Release|x64.ActiveCfg = Release|Any CPU
		{EE16FC1C-2FD6-4D5B-8609-41182040FD80}.Release|x64.Build.0 = Release|Any CPU
		{EE16FC1C-2FD6-4D5B-8609-41182040FD80}.Release|x86.ActiveCfg = Release|Any CPU
		{EE16FC1C-2FD6-4D5B-8609-41182040FD80}.Release|x86.Build.0 = Release|Any CPU
	EndGlobalSection
	GlobalSection(SolutionProperties) = preSolution
		HideSolutionNode = FALSE
	EndGlobalSection
	GlobalSection(NestedProjects) = preSolution
		{EE16FC1C-2FD6-4D5B-8609-41182040FD80} = {07C2787E-EAC7-C090-1BA3-A61EC2A24D84}
	EndGlobalSection
EndGlobal
